
Microsoft Visual Studio Solution File, Format Version 12.00
# Visual Studio 15
VisualStudioVersion = 15.0.26403.7
MinimumVisualStudioVersion = 10.0.40219.1
Project("{FAE04EC0-301F-11D3-BF4B-00C04F79EFBC}") = "Dao.Net", "Dao.Net\Dao.Net.csproj", "{EEDAF70C-63D7-4F18-BAF2-8FEF070E34A8}"
EndProject
Project("{FAE04EC0-301F-11D3-BF4B-00C04F79EFBC}") = "Dao.Net.Server", "Dao.Net.Server\Dao.Net.Server.csproj", "{04BC0172-3C7E-42B2-8318-8389ECD70311}"
EndProject
Project("{FAE04EC0-301F-11D3-BF4B-00C04F79EFBC}") = "Dao.Net.Client", "Dao.Net.Client\Dao.Net.Client.csproj", "{FAF3E327-35C1-45CA-B716-B72097E02D75}"
EndProject
Project("{FAE04EC0-301F-11D3-BF4B-00C04F79EFBC}") = "Dao.Net.CClient", "Dao.Net.CClient\Dao.Net.CClient.csproj", "{C8DA10C7-880F-4691-A380-905EEEDFEBB3}"
EndProject
Global
	GlobalSection(SolutionConfigurationPlatforms) = preSolution
		Debug|Any CPU = Debug|Any CPU
		Release|Any CPU = Release|Any CPU
	EndGlobalSection
	GlobalSection(ProjectConfigurationPlatforms) = postSolution
		{EEDAF70C-63D7-4F18-BAF2-8FEF070E34A8}.Debug|Any CPU.ActiveCfg = Debug|Any CPU
		{EEDAF70C-63D7-4F18-BAF2-8FEF070E34A8}.Debug|Any CPU.Build.0 = Debug|Any CPU
		{EEDAF70C-63D7-4F18-BAF2-8FEF070E34A8}.Release|Any CPU.ActiveCfg = Release|Any CPU
		{EEDAF70C-63D7-4F18-BAF2-8FEF070E34A8}.Release|Any CPU.Build.0 = Release|Any CPU
		{04BC0172-3C7E-42B2-8318-8389ECD70311}.Debug|Any CPU.ActiveCfg = Debug|Any CPU
		{04BC0172-3C7E-42B2-8318-8389ECD70311}.Debug|Any CPU.Build.0 = Debug|Any CPU
		{04BC0172-3C7E-42B2-8318-8389ECD70311}.Release|Any CPU.ActiveCfg = Release|Any CPU
		{04BC0172-3C7E-42B2-8318-8389ECD70311}.Release|Any CPU.Build.0 = Release|Any CPU
		{FAF3E327-35C1-45CA-B716-B72097E02D75}.Debug|Any CPU.ActiveCfg = Debug|Any CPU
		{FAF3E327-35C1-45CA-B716-B72097E02D75}.Debug|Any CPU.Build.0 = Debug|Any CPU
		{FAF3E327-35C1-45CA-B716-B72097E02D75}.Release|Any CPU.ActiveCfg = Release|Any CPU
		{FAF3E327-35C1-45CA-B716-B72097E02D75}.Release|Any CPU.Build.0 = Release|Any CPU
		{C8DA10C7-880F-4691-A380-905EEEDFEBB3}.Debug|Any CPU.ActiveCfg = Debug|Any CPU
		{C8DA10C7-880F-4691-A380-905EEEDFEBB3}.Debug|Any CPU.Build.0 = Debug|Any CPU
		{C8DA10C7-880F-4691-A380-905EEEDFEBB3}.Release|Any CPU.ActiveCfg = Release|Any CPU
		{C8DA10C7-880F-4691-A380-905EEEDFEBB3}.Release|Any CPU.Build.0 = Release|Any CPU
	EndGlobalSection
	GlobalSection(SolutionProperties) = preSolution
		HideSolutionNode = FALSE
	EndGlobalSection
EndGlobal
